
Microsoft Visual Studio Solution File, Format Version 12.00
# Visual Studio Version 17
VisualStudioVersion = 17.11.35327.3
MinimumVisualStudioVersion = 10.0.40219.1
Project("{2150E333-8FDC-42A3-9474-1A3956D46DE8}") = "Task0", "Task0", "{4715005E-172B-4F3F-9672-9BEC587AE9CF}"
EndProject
Project("{9A19103F-16F7-4668-BE54-9A1E7A4F7556}") = "Tyuiu.DylginA.Sprint4.Task0.V25", "Tyuiu.DylginA.Sprint4.Task0.V25\Tyuiu.DylginA.Sprint4.Task0.V25.csproj", "{D4169CE3-17BB-440B-A3B7-BF4183550A46}"
EndProject
Project("{9A19103F-16F7-4668-BE54-9A1E7A4F7556}") = "Tyuiu.DylginA.Sprint4.Task0.V25.Lib", "Tyuiu.DylginA.Sprint4.Task0.V25.Lib\Tyuiu.DylginA.Sprint4.Task0.V25.Lib.csproj", "{B6CEB71B-CED6-486B-8615-F6A517559475}"
EndProject
Project("{9A19103F-16F7-4668-BE54-9A1E7A4F7556}") = "Tyuiu.DylginA.Sprint4.Task0.V25.Test", "Tyuiu.DylginA.Sprint4.Task0.V25.Test\Tyuiu.DylginA.Sprint4.Task0.V25.Test.csproj", "{B7701F9E-F2DE-48EB-BAD0-2F1084690773}"
EndProject
Project("{2150E333-8FDC-42A3-9474-1A3956D46DE8}") = "Task1", "Task1", "{EEB1B502-E2F2-4C00-9DC7-D758DD60CB68}"
EndProject
Project("{9A19103F-16F7-4668-BE54-9A1E7A4F7556}") = "Tyuiu.DylginA.Sprint4.Task1.V15", "Tyuiu.DylginA.Sprint4.Task1.V15\Tyuiu.DylginA.Sprint4.Task1.V15.csproj", "{33133E2F-23A8-4ACD-AF09-2BFDB8133F13}"
EndProject
Project("{9A19103F-16F7-4668-BE54-9A1E7A4F7556}") = "Tyuiu.DylginA.Sprint4.Task1.V15.Lib", "Tyuiu.DylginA.Sprint4.Task1.V15.Lib\Tyuiu.DylginA.Sprint4.Task1.V15.Lib.csproj", "{D11A363D-76E3-4A29-813B-31A98EC09A00}"
EndProject
Project("{9A19103F-16F7-4668-BE54-9A1E7A4F7556}") = "Tyuiu.DylginA.Sprint4.Task1.V15.Test", "Tyuiu.DylginA.Sprint4.Task1.V15.Test\Tyuiu.DylginA.Sprint4.Task1.V15.Test.csproj", "{3D06A45E-1590-4142-B4E8-AACA5689906C}"
EndProject
Project("{2150E333-8FDC-42A3-9474-1A3956D46DE8}") = "Task2", "Task2", "{1302390D-2253-45C8-8A12-B14BFD496A77}"
EndProject
Project("{9A19103F-16F7-4668-BE54-9A1E7A4F7556}") = "Tyuiu.DylginA.Sprint4.Task2.V21", "Tyuiu.DylginA.Sprint4.Task2.V21\Tyuiu.DylginA.Sprint4.Task2.V21.csproj", "{3CB232FB-5CEA-408A-822D-B1C4916B07A4}"
EndProject
Project("{9A19103F-16F7-4668-BE54-9A1E7A4F7556}") = "Tyuiu.DylginA.Sprint4.Task2.V21.Lib", "Tyuiu.DylginA.Sprint4.Task2.V21.Lib\Tyuiu.DylginA.Sprint4.Task2.V21.Lib.csproj", "{4C8F6641-2AF7-4B44-9F1E-5E2AE385C341}"
EndProject
Project("{9A19103F-16F7-4668-BE54-9A1E7A4F7556}") = "Tyuiu.DylginA.Sprint4.Task2.V21.Test", "Tyuiu.DylginA.Sprint4.Task2.V21.Test\Tyuiu.DylginA.Sprint4.Task2.V21.Test.csproj", "{97C39713-2E5A-4EF9-9CAB-364B0088CB7B}"
EndProject
Project("{2150E333-8FDC-42A3-9474-1A3956D46DE8}") = "Task3", "Task3", "{00EF7EEF-CB3F-4BBE-AFC2-B8CE30DB2BDB}"
EndProject
Project("{9A19103F-16F7-4668-BE54-9A1E7A4F7556}") = "Tyuiu.DylginA.Sprint4.Task3.V10", "Tyuiu.DylginA.Sprint4.Task3.V10\Tyuiu.DylginA.Sprint4.Task3.V10.csproj", "{EE48B51A-1B05-4BE4-9FEB-2F5B4247F151}"
EndProject
Project("{9A19103F-16F7-4668-BE54-9A1E7A4F7556}") = "Tyuiu.DylginA.Sprint4.Task3.V10.Lib", "Tyuiu.DylginA.Sprint4.Task3.V10.Lib\Tyuiu.DylginA.Sprint4.Task3.V10.Lib.csproj", "{1286CB91-6DFB-4CB8-877E-86EDE2C47DB6}"
EndProject
Project("{9A19103F-16F7-4668-BE54-9A1E7A4F7556}") = "Tyuiu.DylginA.Sprint4.Task3.V10.Test", "Tyuiu.DylginA.Sprint4.Task3.V10.Test\Tyuiu.DylginA.Sprint4.Task3.V10.Test.csproj", "{814835C4-3E9C-465B-82B9-3287192548DE}"
EndProject
Project("{2150E333-8FDC-42A3-9474-1A3956D46DE8}") = "Task4", "Task4", "{9E3B3B04-0752-40CB-AC04-D61E76587E3D}"
EndProject
Project("{FAE04EC0-301F-11D3-BF4B-00C04F79EFBC}") = "Tyuiu.DylginA.Sprint4.Task4.V23", "Tyuiu.DylginA.Sprint4.Task4.V23\Tyuiu.DylginA.Sprint4.Task4.V23.csproj", "{EC0718FD-0978-4FD8-9F36-A7EBE2F965CD}"
EndProject
Project("{FAE04EC0-301F-11D3-BF4B-00C04F79EFBC}") = "Tyuiu.DylginA.Sprint4.Task4.V23.Lib", "Tyuiu.DylginA.Sprint4.Task4.V23.Lib\Tyuiu.DylginA.Sprint4.Task4.V23.Lib.csproj", "{8FDA4E36-8159-4985-ABFD-3AAEC09AC87C}"
EndProject
Project("{FAE04EC0-301F-11D3-BF4B-00C04F79EFBC}") = "Tyuiu.DylginA.Sprint4.Task4.V23.Test", "Tyuiu.DylginA.Sprint4.Task4.V23.Test\Tyuiu.DylginA.Sprint4.Task4.V23.Test.csproj", "{A229EC4A-B3F7-4BBF-9FC0-9B90A9FC99BD}"
EndProject
Project("{2150E333-8FDC-42A3-9474-1A3956D46DE8}") = "Task5", "Task5", "{0202F783-ABFC-4CDA-A6D2-845C0F527B3C}"
EndProject
Project("{FAE04EC0-301F-11D3-BF4B-00C04F79EFBC}") = "Tyuiu.DylginA.Sprint4.Task5.V14", "Tyuiu.DylginA.Sprint4.Task5.V14\Tyuiu.DylginA.Sprint4.Task5.V14.csproj", "{D8B5F86B-5A78-4BAC-ACC3-9509B3BDA586}"
EndProject
Project("{FAE04EC0-301F-11D3-BF4B-00C04F79EFBC}") = "Tyuiu.DylginA.Sprint4.Task5.V14.Lib", "Tyuiu.DylginA.Sprint4.Task5.V14.Lib\Tyuiu.DylginA.Sprint4.Task5.V14.Lib.csproj", "{DAD2A061-05B7-4F72-A922-E192A808DE4B}"
EndProject
Project("{FAE04EC0-301F-11D3-BF4B-00C04F79EFBC}") = "Tyuiu.DylginA.Sprint4.Task5.V14.Test", "Tyuiu.DylginA.Sprint4.Task5.V14.Test\Tyuiu.DylginA.Sprint4.Task5.V14.Test.csproj", "{0458F13C-E31D-4C44-810E-BB79F510FCEF}"
EndProject
Global
	GlobalSection(SolutionConfigurationPlatforms) = preSolution
		Debug|Any CPU = Debug|Any CPU
		Release|Any CPU = Release|Any CPU
	EndGlobalSection
	GlobalSection(ProjectConfigurationPlatforms) = postSolution
		{D4169CE3-17BB-440B-A3B7-BF4183550A46}.Debug|Any CPU.ActiveCfg = Debug|Any CPU
		{D4169CE3-17BB-440B-A3B7-BF4183550A46}.Debug|Any CPU.Build.0 = Debug|Any CPU
		{D4169CE3-17BB-440B-A3B7-BF4183550A46}.Release|Any CPU.ActiveCfg = Release|Any CPU
		{D4169CE3-17BB-440B-A3B7-BF4183550A46}.Release|Any CPU.Build.0 = Release|Any CPU
		{B6CEB71B-CED6-486B-8615-F6A517559475}.Debug|Any CPU.ActiveCfg = Debug|Any CPU
		{B6CEB71B-CED6-486B-8615-F6A517559475}.Debug|Any CPU.Build.0 = Debug|Any CPU
		{B6CEB71B-CED6-486B-8615-F6A517559475}.Release|Any CPU.ActiveCfg = Release|Any CPU
		{B6CEB71B-CED6-486B-8615-F6A517559475}.Release|Any CPU.Build.0 = Release|Any CPU
		{B7701F9E-F2DE-48EB-BAD0-2F1084690773}.Debug|Any CPU.ActiveCfg = Debug|Any CPU
		{B7701F9E-F2DE-48EB-BAD0-2F1084690773}.Debug|Any CPU.Build.0 = Debug|Any CPU
		{B7701F9E-F2DE-48EB-BAD0-2F1084690773}.Release|Any CPU.ActiveCfg = Release|Any CPU
		{B7701F9E-F2DE-48EB-BAD0-2F1084690773}.Release|Any CPU.Build.0 = Release|Any CPU
		{33133E2F-23A8-4ACD-AF09-2BFDB8133F13}.Debug|Any CPU.ActiveCfg = Debug|Any CPU
		{33133E2F-23A8-4ACD-AF09-2BFDB8133F13}.Debug|Any CPU.Build.0 = Debug|Any CPU
		{33133E2F-23A8-4ACD-AF09-2BFDB8133F13}.Release|Any CPU.ActiveCfg = Release|Any CPU
		{33133E2F-23A8-4ACD-AF09-2BFDB8133F13}.Release|Any CPU.Build.0 = Release|Any CPU
		{D11A363D-76E3-4A29-813B-31A98EC09A00}.Debug|Any CPU.ActiveCfg = Debug|Any CPU
		{D11A363D-76E3-4A29-813B-31A98EC09A00}.Debug|Any CPU.Build.0 = Debug|Any CPU
		{D11A363D-76E3-4A29-813B-31A98EC09A00}.Release|Any CPU.ActiveCfg = Release|Any CPU
		{D11A363D-76E3-4A29-813B-31A98EC09A00}.Release|Any CPU.Build.0 = Release|Any CPU
		{3D06A45E-1590-4142-B4E8-AACA5689906C}.Debug|Any CPU.ActiveCfg = Debug|Any CPU
		{3D06A45E-1590-4142-B4E8-AACA5689906C}.Debug|Any CPU.Build.0 = Debug|Any CPU
		{3D06A45E-1590-4142-B4E8-AACA5689906C}.Release|Any CPU.ActiveCfg = Release|Any CPU
		{3D06A45E-1590-4142-B4E8-AACA5689906C}.Release|Any CPU.Build.0 = Release|Any CPU
		{3CB232FB-5CEA-408A-822D-B1C4916B07A4}.Debug|Any CPU.ActiveCfg = Debug|Any CPU
		{3CB232FB-5CEA-408A-822D-B1C4916B07A4}.Debug|Any CPU.Build.0 = Debug|Any CPU
		{3CB232FB-5CEA-408A-822D-B1C4916B07A4}.Release|Any CPU.ActiveCfg = Release|Any CPU
		{3CB232FB-5CEA-408A-822D-B1C4916B07A4}.Release|Any CPU.Build.0 = Release|Any CPU
		{4C8F6641-2AF7-4B44-9F1E-5E2AE385C341}.Debug|Any CPU.ActiveCfg = Debug|Any CPU
		{4C8F6641-2AF7-4B44-9F1E-5E2AE385C341}.Debug|Any CPU.Build.0 = Debug|Any CPU
		{4C8F6641-2AF7-4B44-9F1E-5E2AE385C341}.Release|Any CPU.ActiveCfg = Release|Any CPU
		{4C8F6641-2AF7-4B44-9F1E-5E2AE385C341}.Release|Any CPU.Build.0 = Release|Any CPU
		{97C39713-2E5A-4EF9-9CAB-364B0088CB7B}.Debug|Any CPU.ActiveCfg = Debug|Any CPU
		{97C39713-2E5A-4EF9-9CAB-364B0088CB7B}.Debug|Any CPU.Build.0 = Debug|Any CPU
		{97C39713-2E5A-4EF9-9CAB-364B0088CB7B}.Release|Any CPU.ActiveCfg = Release|Any CPU
		{97C39713-2E5A-4EF9-9CAB-364B0088CB7B}.Release|Any CPU.Build.0 = Release|Any CPU
		{EE48B51A-1B05-4BE4-9FEB-2F5B4247F151}.Debug|Any CPU.ActiveCfg = Debug|Any CPU
		{EE48B51A-1B05-4BE4-9FEB-2F5B4247F151}.Debug|Any CPU.Build.0 = Debug|Any CPU
		{EE48B51A-1B05-4BE4-9FEB-2F5B4247F151}.Release|Any CPU.ActiveCfg = Release|Any CPU
		{EE48B51A-1B05-4BE4-9FEB-2F5B4247F151}.Release|Any CPU.Build.0 = Release|Any CPU
		{1286CB91-6DFB-4CB8-877E-86EDE2C47DB6}.Debug|Any CPU.ActiveCfg = Debug|Any CPU
		{1286CB91-6DFB-4CB8-877E-86EDE2C47DB6}.Debug|Any CPU.Build.0 = Debug|Any CPU
		{1286CB91-6DFB-4CB8-877E-86EDE2C47DB6}.Release|Any CPU.ActiveCfg = Release|Any CPU
		{1286CB91-6DFB-4CB8-877E-86EDE2C47DB6}.Release|Any CPU.Build.0 = Release|Any CPU
		{814835C4-3E9C-465B-82B9-3287192548DE}.Debug|Any CPU.ActiveCfg = Debug|Any CPU
		{814835C4-3E9C-465B-82B9-3287192548DE}.Debug|Any CPU.Build.0 = Debug|Any CPU
		{814835C4-3E9C-465B-82B9-3287192548DE}.Release|Any CPU.ActiveCfg = Release|Any CPU
		{814835C4-3E9C-465B-82B9-3287192548DE}.Release|Any CPU.Build.0 = Release|Any CPU
		{EC0718FD-0978-4FD8-9F36-A7EBE2F965CD}.Debug|Any CPU.ActiveCfg = Debug|Any CPU
		{EC0718FD-0978-4FD8-9F36-A7EBE2F965CD}.Debug|Any CPU.Build.0 = Debug|Any CPU
		{EC0718FD-0978-4FD8-9F36-A7EBE2F965CD}.Release|Any CPU.ActiveCfg = Release|Any CPU
		{EC0718FD-0978-4FD8-9F36-A7EBE2F965CD}.Release|Any CPU.Build.0 = Release|Any CPU
		{8FDA4E36-8159-4985-ABFD-3AAEC09AC87C}.Debug|Any CPU.ActiveCfg = Debug|Any CPU
		{8FDA4E36-8159-4985-ABFD-3AAEC09AC87C}.Debug|Any CPU.Build.0 = Debug|Any CPU
		{8FDA4E36-8159-4985-ABFD-3AAEC09AC87C}.Release|Any CPU.ActiveCfg = Release|Any CPU
		{8FDA4E36-8159-4985-ABFD-3AAEC09AC87C}.Release|Any CPU.Build.0 = Release|Any CPU
		{A229EC4A-B3F7-4BBF-9FC0-9B90A9FC99BD}.Debug|Any CPU.ActiveCfg = Debug|Any CPU
		{A229EC4A-B3F7-4BBF-9FC0-9B90A9FC99BD}.Debug|Any CPU.Build.0 = Debug|Any CPU
		{A229EC4A-B3F7-4BBF-9FC0-9B90A9FC99BD}.Release|Any CPU.ActiveCfg = Release|Any CPU
		{A229EC4A-B3F7-4BBF-9FC0-9B90A9FC99BD}.Release|Any CPU.Build.0 = Release|Any CPU
		{D8B5F86B-5A78-4BAC-ACC3-9509B3BDA586}.Debug|Any CPU.ActiveCfg = Debug|Any CPU
		{D8B5F86B-5A78-4BAC-ACC3-9509B3BDA586}.Debug|Any CPU.Build.0 = Debug|Any CPU
		{D8B5F86B-5A78-4BAC-ACC3-9509B3BDA586}.Release|Any CPU.ActiveCfg = Release|Any CPU
		{D8B5F86B-5A78-4BAC-ACC3-9509B3BDA586}.Release|Any CPU.Build.0 = Release|Any CPU
		{DAD2A061-05B7-4F72-A922-E192A808DE4B}.Debug|Any CPU.ActiveCfg = Debug|Any CPU
		{DAD2A061-05B7-4F72-A922-E192A808DE4B}.Debug|Any CPU.Build.0 = Debug|Any CPU
		{DAD2A061-05B7-4F72-A922-E192A808DE4B}.Release|Any CPU.ActiveCfg = Release|Any CPU
		{DAD2A061-05B7-4F72-A922-E192A808DE4B}.Release|Any CPU.Build.0 = Release|Any CPU
		{0458F13C-E31D-4C44-810E-BB79F510FCEF}.Debug|Any CPU.ActiveCfg = Debug|Any CPU
		{0458F13C-E31D-4C44-810E-BB79F510FCEF}.Debug|Any CPU.Build.0 = Debug|Any CPU
		{0458F13C-E31D-4C44-810E-BB79F510FCEF}.Release|Any CPU.ActiveCfg = Release|Any CPU
		{0458F13C-E31D-4C44-810E-BB79F510FCEF}.Release|Any CPU.Build.0 = Release|Any CPU
	EndGlobalSection
	GlobalSection(SolutionProperties) = preSolution
		HideSolutionNode = FALSE
	EndGlobalSection
	GlobalSection(NestedProjects) = preSolution
		{D4169CE3-17BB-440B-A3B7-BF4183550A46} = {4715005E-172B-4F3F-9672-9BEC587AE9CF}
		{B6CEB71B-CED6-486B-8615-F6A517559475} = {4715005E-172B-4F3F-9672-9BEC587AE9CF}
		{B7701F9E-F2DE-48EB-BAD0-2F1084690773} = {4715005E-172B-4F3F-9672-9BEC587AE9CF}
		{33133E2F-23A8-4ACD-AF09-2BFDB8133F13} = {EEB1B502-E2F2-4C00-9DC7-D758DD60CB68}
		{D11A363D-76E3-4A29-813B-31A98EC09A00} = {EEB1B502-E2F2-4C00-9DC7-D758DD60CB68}
		{3CB232FB-5CEA-408A-822D-B1C4916B07A4} = {1302390D-2253-45C8-8A12-B14BFD496A77}
		{4C8F6641-2AF7-4B44-9F1E-5E2AE385C341} = {1302390D-2253-45C8-8A12-B14BFD496A77}
		{97C39713-2E5A-4EF9-9CAB-364B0088CB7B} = {1302390D-2253-45C8-8A12-B14BFD496A77}
		{EE48B51A-1B05-4BE4-9FEB-2F5B4247F151} = {00EF7EEF-CB3F-4BBE-AFC2-B8CE30DB2BDB}
		{1286CB91-6DFB-4CB8-877E-86EDE2C47DB6} = {00EF7EEF-CB3F-4BBE-AFC2-B8CE30DB2BDB}
		{814835C4-3E9C-465B-82B9-3287192548DE} = {00EF7EEF-CB3F-4BBE-AFC2-B8CE30DB2BDB}
		{EC0718FD-0978-4FD8-9F36-A7EBE2F965CD} = {9E3B3B04-0752-40CB-AC04-D61E76587E3D}
		{8FDA4E36-8159-4985-ABFD-3AAEC09AC87C} = {9E3B3B04-0752-40CB-AC04-D61E76587E3D}
		{A229EC4A-B3F7-4BBF-9FC0-9B90A9FC99BD} = {9E3B3B04-0752-40CB-AC04-D61E76587E3D}
		{D8B5F86B-5A78-4BAC-ACC3-9509B3BDA586} = {0202F783-ABFC-4CDA-A6D2-845C0F527B3C}
		{DAD2A061-05B7-4F72-A922-E192A808DE4B} = {0202F783-ABFC-4CDA-A6D2-845C0F527B3C}
		{0458F13C-E31D-4C44-810E-BB79F510FCEF} = {0202F783-ABFC-4CDA-A6D2-845C0F527B3C}
	EndGlobalSection
	GlobalSection(ExtensibilityGlobals) = postSolution
		SolutionGuid = {EA855108-7367-4DFA-B628-4A84D1E1A81E}
	EndGlobalSection
EndGlobal
